// !$*UTF8*$!
{
	archiveVersion = 1;
	classes = {
	};
	objectVersion = 60;
	objects = {

/* Begin PBXBuildFile section */
		0B986C876E3EC44800452396 /* PrivacyInfo.xcprivacy in Resources */ = {isa = PBXBuildFile; fileRef = E8A973F5AC92DEE5E654733D /* PrivacyInfo.xcprivacy */; };
		1C6247A3929D0FF0B71BEFB5 /* Main.storyboard in Resources */ = {isa = PBXBuildFile; fileRef = 59F221AF0E49C59EB3467F90 /* Main.storyboard */; };
		283509CD355E44222BC79EFD /* SceneDelegate.swift in Sources */ = {isa = PBXBuildFile; fileRef = DE71BE4F3B57936BFEDBD9B0 /* SceneDelegate.swift */; };
		31D68D4C25B503BA794201ED /* PackingTrip.swift in Sources */ = {isa = PBXBuildFile; fileRef = 43E56979967251F2C463421F /* PackingTrip.swift */; };
		3545B6FF8AD41D55DC5D5105 /* AppStore.swift in Sources */ = {isa = PBXBuildFile; fileRef = 423F310BB64213E5D5651CEA /* AppStore.swift */; };
		3A32FDBC440825FBE3AB5210 /* TravelNote.swift in Sources */ = {isa = PBXBuildFile; fileRef = FD2917E5CC7276647920CAA4 /* TravelNote.swift */; };
		484D881E710B3AB0E2173125 /* Theme.swift in Sources */ = {isa = PBXBuildFile; fileRef = 26E6CECD8CC5F3D8FBE3B3E2 /* Theme.swift */; };
		4B6ACF189A3A6EAF74060C01 /* Destination.swift in Sources */ = {isa = PBXBuildFile; fileRef = 6B09544F483E2C9CC464A52C /* Destination.swift */; };
		4D8E0FCFA47D6ED078BE42E7 /* LaunchScreen.storyboard in Resources */ = {isa = PBXBuildFile; fileRef = B085A2751A86A0C39FED061C /* LaunchScreen.storyboard */; };
		588D2D91967164C79549FF2E /* UnitConverterView.swift in Sources */ = {isa = PBXBuildFile; fileRef = 239914056B0064DCF495A869 /* UnitConverterView.swift */; };
		6529E9F8951C15FBADE64FA3 /* AppDelegate.swift in Sources */ = {isa = PBXBuildFile; fileRef = 0240F63E68F2E7F60EAF769A /* AppDelegate.swift */; };
		6BFECF236DB1C52A59FA910A /* PointOfInterest.swift in Sources */ = {isa = PBXBuildFile; fileRef = 4F813EE126AD222D6C2BFC50 /* PointOfInterest.swift */; };
		6CBA9E528B8B9F369A610F54 /* DestinationDetailView.swift in Sources */ = {isa = PBXBuildFile; fileRef = 9A5748A84DC6A4A7AE041C65 /* DestinationDetailView.swift */; };
		77593201FDD40F7C40B6B030 /* ContentView.swift in Sources */ = {isa = PBXBuildFile; fileRef = 68ABBBA3718C0BB762BCA03D /* ContentView.swift */; };
		7D1B97471D4EFFA42A07085C /* DestinationListView.swift in Sources */ = {isa = PBXBuildFile; fileRef = 5B7887D39D71FFFA7A0B7F67 /* DestinationListView.swift */; };
		7DE287ABA7CDCDB06FF17FF9 /* SettingsView.swift in Sources */ = {isa = PBXBuildFile; fileRef = C53578D541B5B202DA37E8EF /* SettingsView.swift */; };
		98D9F02B8DE2FC80BAB94E33 /* DestinationEditorView.swift in Sources */ = {isa = PBXBuildFile; fileRef = 6C155EC46E0BB82947E67495 /* DestinationEditorView.swift */; };
		A6070B9CF28E71610AA267AE /* Assets.xcassets in Resources */ = {isa = PBXBuildFile; fileRef = 59DAA59D477A91E75E0468AF /* Assets.xcassets */; };
		A631199B2742F554B4FA938D /* PackingTripListView.swift in Sources */ = {isa = PBXBuildFile; fileRef = 355FC279100C6C0473E64521 /* PackingTripListView.swift */; };
		A7F691EEB97E62AB2AD20618 /* Haptics.swift in Sources */ = {isa = PBXBuildFile; fileRef = D2BE271C45342E6E5DE53D69 /* Haptics.swift */; };
		B2B7CA2ED6FC6272A969A8CB /* PackingTripDetailView.swift in Sources */ = {isa = PBXBuildFile; fileRef = 84AB93EDF8FB2D2437DD56D3 /* PackingTripDetailView.swift */; };
		BC3CACE05F444CD3A127A21F /* TravelUnit.swift in Sources */ = {isa = PBXBuildFile; fileRef = 409740E0E2CB0B659D82E605 /* TravelUnit.swift */; };
		BCCCC8440052F2305DE6704D /* PackingItemEditorView.swift in Sources */ = {isa = PBXBuildFile; fileRef = 91C6BACAE7CEC311AA018E5A /* PackingItemEditorView.swift */; };
		C149DF1170A63F5BDDDDC535 /* AppLinks.swift in Sources */ = {isa = PBXBuildFile; fileRef = 69BCC951328DE7B322295A3C /* AppLinks.swift */; };
		C9BFC141D91A582CF4D41297 /* TripInsightView.swift in Sources */ = {isa = PBXBuildFile; fileRef = 2273EAC608F307194604278A /* TripInsightView.swift */; };
		E557FBBF1A1C202AA69E6BCB /* ConversionHistoryView.swift in Sources */ = {isa = PBXBuildFile; fileRef = 20C5EBF62EFC06A33BD9B6DA /* ConversionHistoryView.swift */; };
		EE21E390C19498D20A201026 /* PackingItem.swift in Sources */ = {isa = PBXBuildFile; fileRef = 9AB40497A1156D4F65271EA7 /* PackingItem.swift */; };
/* End PBXBuildFile section */

/* Begin PBXFileReference section */
		0240F63E68F2E7F60EAF769A /* AppDelegate.swift */ = {isa = PBXFileReference; lastKnownFileType = sourcecode.swift; path = AppDelegate.swift; sourceTree = "<group>"; };
		0380A5C405DF4B2EC51A0A48 /* Pods-333TravureHarmonyGuide.release.xcconfig */ = {isa = PBXFileReference; includeInIndex = 1; lastKnownFileType = text.xcconfig; name = "Pods-333TravureHarmonyGuide.release.xcconfig"; path = "Target Support Files/Pods-333TravureHarmonyGuide/Pods-333TravureHarmonyGuide.release.xcconfig"; sourceTree = "<group>"; };
		20C5EBF62EFC06A33BD9B6DA /* ConversionHistoryView.swift */ = {isa = PBXFileReference; lastKnownFileType = sourcecode.swift; path = ConversionHistoryView.swift; sourceTree = "<group>"; };
		2273EAC608F307194604278A /* TripInsightView.swift */ = {isa = PBXFileReference; lastKnownFileType = sourcecode.swift; path = TripInsightView.swift; sourceTree = "<group>"; };
		239914056B0064DCF495A869 /* UnitConverterView.swift */ = {isa = PBXFileReference; lastKnownFileType = sourcecode.swift; path = UnitConverterView.swift; sourceTree = "<group>"; };
		26E6CECD8CC5F3D8FBE3B3E2 /* Theme.swift */ = {isa = PBXFileReference; lastKnownFileType = sourcecode.swift; path = Theme.swift; sourceTree = "<group>"; };
		2C7A873C05A5FDA1FA7A74B1 /* 333TravureHarmonyGuide.app */ = {isa = PBXFileReference; explicitFileType = wrapper.application; includeInIndex = 0; path = 333TravureHarmonyGuide.app; sourceTree = BUILT_PRODUCTS_DIR; };
		355FC279100C6C0473E64521 /* PackingTripListView.swift */ = {isa = PBXFileReference; lastKnownFileType = sourcecode.swift; path = PackingTripListView.swift; sourceTree = "<group>"; };
		409740E0E2CB0B659D82E605 /* TravelUnit.swift */ = {isa = PBXFileReference; lastKnownFileType = sourcecode.swift; path = TravelUnit.swift; sourceTree = "<group>"; };
		423F310BB64213E5D5651CEA /* AppStore.swift */ = {isa = PBXFileReference; lastKnownFileType = sourcecode.swift; path = AppStore.swift; sourceTree = "<group>"; };
		43E56979967251F2C463421F /* PackingTrip.swift */ = {isa = PBXFileReference; lastKnownFileType = sourcecode.swift; path = PackingTrip.swift; sourceTree = "<group>"; };
		4F813EE126AD222D6C2BFC50 /* PointOfInterest.swift */ = {isa = PBXFileReference; lastKnownFileType = sourcecode.swift; path = PointOfInterest.swift; sourceTree = "<group>"; };
		59DAA59D477A91E75E0468AF /* Assets.xcassets */ = {isa = PBXFileReference; lastKnownFileType = folder.assetcatalog; path = Assets.xcassets; sourceTree = "<group>"; };
		59F221AF0E49C59EB3467F90 /* Main.storyboard */ = {isa = PBXFileReference; lastKnownFileType = file.storyboard; path = Main.storyboard; sourceTree = "<group>"; };
		5B7887D39D71FFFA7A0B7F67 /* DestinationListView.swift */ = {isa = PBXFileReference; lastKnownFileType = sourcecode.swift; path = DestinationListView.swift; sourceTree = "<group>"; };
		68ABBBA3718C0BB762BCA03D /* ContentView.swift */ = {isa = PBXFileReference; lastKnownFileType = sourcecode.swift; path = ContentView.swift; sourceTree = "<group>"; };
		69BCC951328DE7B322295A3C /* AppLinks.swift */ = {isa = PBXFileReference; lastKnownFileType = sourcecode.swift; path = AppLinks.swift; sourceTree = "<group>"; };
		6B09544F483E2C9CC464A52C /* Destination.swift */ = {isa = PBXFileReference; lastKnownFileType = sourcecode.swift; path = Destination.swift; sourceTree = "<group>"; };
		6C155EC46E0BB82947E67495 /* DestinationEditorView.swift */ = {isa = PBXFileReference; lastKnownFileType = sourcecode.swift; path = DestinationEditorView.swift; sourceTree = "<group>"; };
		770C5B730A8FBE3C009C5372 /* Info.plist */ = {isa = PBXFileReference; lastKnownFileType = text.plist.xml; path = Info.plist; sourceTree = "<group>"; };
		7D9315EAB05C55E79BCD809C /* Pods_333TravureHarmonyGuide.framework */ = {isa = PBXFileReference; explicitFileType = wrapper.framework; includeInIndex = 0; path = Pods_333TravureHarmonyGuide.framework; sourceTree = BUILT_PRODUCTS_DIR; };
		84AB93EDF8FB2D2437DD56D3 /* PackingTripDetailView.swift */ = {isa = PBXFileReference; lastKnownFileType = sourcecode.swift; path = PackingTripDetailView.swift; sourceTree = "<group>"; };
		91C6BACAE7CEC311AA018E5A /* PackingItemEditorView.swift */ = {isa = PBXFileReference; lastKnownFileType = sourcecode.swift; path = PackingItemEditorView.swift; sourceTree = "<group>"; };
		9A5748A84DC6A4A7AE041C65 /* DestinationDetailView.swift */ = {isa = PBXFileReference; lastKnownFileType = sourcecode.swift; path = DestinationDetailView.swift; sourceTree = "<group>"; };
		9AB40497A1156D4F65271EA7 /* PackingItem.swift */ = {isa = PBXFileReference; lastKnownFileType = sourcecode.swift; path = PackingItem.swift; sourceTree = "<group>"; };
		AAE73701969E9A2A6BDBFE11 /* Pods-333TravureHarmonyGuide.debug.xcconfig */ = {isa = PBXFileReference; includeInIndex = 1; lastKnownFileType = text.xcconfig; name = "Pods-333TravureHarmonyGuide.debug.xcconfig"; path = "Target Support Files/Pods-333TravureHarmonyGuide/Pods-333TravureHarmonyGuide.debug.xcconfig"; sourceTree = "<group>"; };
		B085A2751A86A0C39FED061C /* LaunchScreen.storyboard */ = {isa = PBXFileReference; lastKnownFileType = file.storyboard; path = LaunchScreen.storyboard; sourceTree = "<group>"; };
		C53578D541B5B202DA37E8EF /* SettingsView.swift */ = {isa = PBXFileReference; lastKnownFileType = sourcecode.swift; path = SettingsView.swift; sourceTree = "<group>"; };
		D2BE271C45342E6E5DE53D69 /* Haptics.swift */ = {isa = PBXFileReference; lastKnownFileType = sourcecode.swift; path = Haptics.swift; sourceTree = "<group>"; };
		DE71BE4F3B57936BFEDBD9B0 /* SceneDelegate.swift */ = {isa = PBXFileReference; lastKnownFileType = sourcecode.swift; path = SceneDelegate.swift; sourceTree = "<group>"; };
		E8A973F5AC92DEE5E654733D /* PrivacyInfo.xcprivacy */ = {isa = PBXFileReference; lastKnownFileType = text.xml; path = PrivacyInfo.xcprivacy; sourceTree = "<group>"; };
		FD2917E5CC7276647920CAA4 /* TravelNote.swift */ = {isa = PBXFileReference; lastKnownFileType = sourcecode.swift; path = TravelNote.swift; sourceTree = "<group>"; };
/* End PBXFileReference section */

/* Begin PBXFrameworksBuildPhase section */
		3A77CA5C7BFB09FABCCF326D /* Frameworks */ = {
			isa = PBXFrameworksBuildPhase;
			buildActionMask = 2147483647;
			files = (
			);
			runOnlyForDeploymentPostprocessing = 0;
		};
/* End PBXFrameworksBuildPhase section */

/* Begin PBXGroup section */
		0D7626413CCF860C82715CA5 /* Settings */ = {
			isa = PBXGroup;
			children = (
				C53578D541B5B202DA37E8EF /* SettingsView.swift */,
			);
			path = Settings;
			sourceTree = "<group>";
		};
		0DAF95701F934A0910560714 /* Frameworks */ = {
			isa = PBXGroup;
			children = (
				7D9315EAB05C55E79BCD809C /* Pods_333TravureHarmonyGuide.framework */,
			);
			name = Frameworks;
			sourceTree = "<group>";
		};
		26C0328CEFBAC83F70824617 /* Base.lproj */ = {
			isa = PBXGroup;
			children = (
				B085A2751A86A0C39FED061C /* LaunchScreen.storyboard */,
				59F221AF0E49C59EB3467F90 /* Main.storyboard */,
			);
			path = Base.lproj;
			sourceTree = "<group>";
		};
		30E55226AA05E8C3B80D9DCF /* Theme */ = {
			isa = PBXGroup;
			children = (
				26E6CECD8CC5F3D8FBE3B3E2 /* Theme.swift */,
			);
			path = Theme;
			sourceTree = "<group>";
		};
		37E693DA90D98BF92B6CF464 /* Helpers */ = {
			isa = PBXGroup;
			children = (
				69BCC951328DE7B322295A3C /* AppLinks.swift */,
				D2BE271C45342E6E5DE53D69 /* Haptics.swift */,
			);
			path = Helpers;
			sourceTree = "<group>";
		};
		38DF21AEF4612506D6BE5CBE /* Views */ = {
			isa = PBXGroup;
			children = (
				68ABBBA3718C0BB762BCA03D /* ContentView.swift */,
				0D7626413CCF860C82715CA5 /* Settings */,
			);
			path = Views;
			sourceTree = "<group>";
		};
		487222FF541CB5D9CE704746 /* Packing */ = {
			isa = PBXGroup;
			children = (
				91C6BACAE7CEC311AA018E5A /* PackingItemEditorView.swift */,
				84AB93EDF8FB2D2437DD56D3 /* PackingTripDetailView.swift */,
				355FC279100C6C0473E64521 /* PackingTripListView.swift */,
			);
			path = Packing;
			sourceTree = "<group>";
		};
		60007F2925DEA5C892005D77 /* Persistence */ = {
			isa = PBXGroup;
			children = (
				423F310BB64213E5D5651CEA /* AppStore.swift */,
			);
			path = Persistence;
			sourceTree = "<group>";
		};
		880F662FC631825F1B5F65C3 /* Units */ = {
			isa = PBXGroup;
			children = (
				20C5EBF62EFC06A33BD9B6DA /* ConversionHistoryView.swift */,
				239914056B0064DCF495A869 /* UnitConverterView.swift */,
			);
			path = Units;
			sourceTree = "<group>";
		};
		984D844B917CCD4C29DE2A97 /* Features */ = {
			isa = PBXGroup;
			children = (
				880F662FC631825F1B5F65C3 /* Units */,
				D29BE214CB4BD57099AC3675 /* Destinations */,
				ADDF90D3FF7CDA7E9CBB3865 /* Insights */,
				487222FF541CB5D9CE704746 /* Packing */,
			);
			path = Features;
			sourceTree = "<group>";
		};
		A1C86A29E589D48EC70B6A32 /* Models */ = {
			isa = PBXGroup;
			children = (
				409740E0E2CB0B659D82E605 /* TravelUnit.swift */,
				6B09544F483E2C9CC464A52C /* Destination.swift */,
				9AB40497A1156D4F65271EA7 /* PackingItem.swift */,
				43E56979967251F2C463421F /* PackingTrip.swift */,
				4F813EE126AD222D6C2BFC50 /* PointOfInterest.swift */,
				FD2917E5CC7276647920CAA4 /* TravelNote.swift */,
			);
			path = Models;
			sourceTree = "<group>";
		};
		ADDF90D3FF7CDA7E9CBB3865 /* Insights */ = {
			isa = PBXGroup;
			children = (
				2273EAC608F307194604278A /* TripInsightView.swift */,
			);
			path = Insights;
			sourceTree = "<group>";
		};
		C5F6F17D97A20809D5BE7AA8 /* 333TravureHarmonyGuide */ = {
			isa = PBXGroup;
			children = (
				D1D0524B025E57AFFF263442 /* App */,
				59DAA59D477A91E75E0468AF /* Assets.xcassets */,
				26C0328CEFBAC83F70824617 /* Base.lproj */,
				984D844B917CCD4C29DE2A97 /* Features */,
				37E693DA90D98BF92B6CF464 /* Helpers */,
				770C5B730A8FBE3C009C5372 /* Info.plist */,
				A1C86A29E589D48EC70B6A32 /* Models */,
				60007F2925DEA5C892005D77 /* Persistence */,
				E8A973F5AC92DEE5E654733D /* PrivacyInfo.xcprivacy */,
				30E55226AA05E8C3B80D9DCF /* Theme */,
				38DF21AEF4612506D6BE5CBE /* Views */,
			);
			path = 333TravureHarmonyGuide;
			sourceTree = "<group>";
		};
		C638C8C51F3954FE824A35D0 /* Pods */ = {
			isa = PBXGroup;
			children = (
				AAE73701969E9A2A6BDBFE11 /* Pods-333TravureHarmonyGuide.debug.xcconfig */,
				0380A5C405DF4B2EC51A0A48 /* Pods-333TravureHarmonyGuide.release.xcconfig */,
			);
			path = Pods;
			sourceTree = "<group>";
		};
		D15D582EFC99DD5822225393 = {
			isa = PBXGroup;
			children = (
				C5F6F17D97A20809D5BE7AA8 /* 333TravureHarmonyGuide */,
				E63ECDE57A2A18FA6397F6EE /* Products */,
				C638C8C51F3954FE824A35D0 /* Pods */,
				0DAF95701F934A0910560714 /* Frameworks */,
			);
			sourceTree = "<group>";
		};
		D1D0524B025E57AFFF263442 /* App */ = {
			isa = PBXGroup;
			children = (
				0240F63E68F2E7F60EAF769A /* AppDelegate.swift */,
				DE71BE4F3B57936BFEDBD9B0 /* SceneDelegate.swift */,
			);
			path = App;
			sourceTree = "<group>";
		};
		D29BE214CB4BD57099AC3675 /* Destinations */ = {
			isa = PBXGroup;
			children = (
				9A5748A84DC6A4A7AE041C65 /* DestinationDetailView.swift */,
				6C155EC46E0BB82947E67495 /* DestinationEditorView.swift */,
				5B7887D39D71FFFA7A0B7F67 /* DestinationListView.swift */,
			);
			path = Destinations;
			sourceTree = "<group>";
		};
		E63ECDE57A2A18FA6397F6EE /* Products */ = {
			isa = PBXGroup;
			children = (
				2C7A873C05A5FDA1FA7A74B1 /* 333TravureHarmonyGuide.app */,
			);
			name = Products;
			sourceTree = "<group>";
		};
/* End PBXGroup section */

/* Begin PBXNativeTarget section */
		94F1D9F8931EBBDE468B934E /* 333TravureHarmonyGuide */ = {
			isa = PBXNativeTarget;
			buildConfigurationList = C2718EC3422BE0A4AE305CFF /* Build configuration list for PBXNativeTarget "333TravureHarmonyGuide" */;
			buildPhases = (
				863F3724A92D7BAE8F181604 /* [CP] Check Pods Manifest.lock */,
				AD8FFDF2655D0B509FBE4EE3 /* Sources */,
				3A77CA5C7BFB09FABCCF326D /* Frameworks */,
				DE6760A0645DE145292888EF /* Resources */,
			);
			buildRules = (
			);
			dependencies = (
			);
			name = 333TravureHarmonyGuide;
			productName = 333TravureHarmonyGuide;
			productReference = 2C7A873C05A5FDA1FA7A74B1 /* 333TravureHarmonyGuide.app */;
			productType = "com.apple.product-type.application";
		};
/* End PBXNativeTarget section */

/* Begin PBXProject section */
		529F548FE2AFA3B11894D9E5 /* Project object */ = {
			isa = PBXProject;
			attributes = {
				BuildIndependentTargetsInParallel = 1;
				LastSwiftUpdateCheck = 1500;
				LastUpgradeCheck = 1500;
				TargetAttributes = {
					94F1D9F8931EBBDE468B934E = {
						CreatedOnToolsVersion = 15.0;
					};
				};
			};
			buildConfigurationList = 6E8415793A44046AAB1B9AC9 /* Build configuration list for PBXProject "333TravureHarmonyGuide" */;
			compatibilityVersion = "Xcode 15.0";
			developmentRegion = en;
			hasScannedForEncodings = 0;
			knownRegions = (
				en,
				Base,
			);
			mainGroup = D15D582EFC99DD5822225393;
			productRefGroup = E63ECDE57A2A18FA6397F6EE /* Products */;
			projectDirPath = "";
			projectRoot = "";
			targets = (
				94F1D9F8931EBBDE468B934E /* 333TravureHarmonyGuide */,
			);
		};
/* End PBXProject section */

/* Begin PBXResourcesBuildPhase section */
		DE6760A0645DE145292888EF /* Resources */ = {
			isa = PBXResourcesBuildPhase;
			buildActionMask = 2147483647;
			files = (
				4D8E0FCFA47D6ED078BE42E7 /* LaunchScreen.storyboard in Resources */,
				1C6247A3929D0FF0B71BEFB5 /* Main.storyboard in Resources */,
				0B986C876E3EC44800452396 /* PrivacyInfo.xcprivacy in Resources */,
				A6070B9CF28E71610AA267AE /* Assets.xcassets in Resources */,
			);
			runOnlyForDeploymentPostprocessing = 0;
		};
/* End PBXResourcesBuildPhase section */

/* Begin PBXShellScriptBuildPhase section */
		863F3724A92D7BAE8F181604 /* [CP] Check Pods Manifest.lock */ = {
			isa = PBXShellScriptBuildPhase;
			buildActionMask = 2147483647;
			files = (
			);
			inputFileListPaths = (
			);
			inputPaths = (
				"${PODS_PODFILE_DIR_PATH}/Podfile.lock",
				"${PODS_ROOT}/Manifest.lock",
			);
			name = "[CP] Check Pods Manifest.lock";
			outputFileListPaths = (
			);
			outputPaths = (
				"$(DERIVED_FILE_DIR)/Pods-333TravureHarmonyGuide-checkManifestLockResult.txt",
			);
			runOnlyForDeploymentPostprocessing = 0;
			shellPath = /bin/sh;
			shellScript = "diff \"${PODS_PODFILE_DIR_PATH}/Podfile.lock\" \"${PODS_ROOT}/Manifest.lock\" > /dev/null\nif [ $? != 0 ] ; then\n    # print error to STDERR\n    echo \"error: The sandbox is not in sync with the Podfile.lock. Run 'pod install' or update your CocoaPods installation.\" >&2\n    exit 1\nfi\n# This output is used by Xcode 'outputs' to avoid re-running this script phase.\necho \"SUCCESS\" > \"${SCRIPT_OUTPUT_FILE_0}\"\n";
			showEnvVarsInLog = 0;
		};
/* End PBXShellScriptBuildPhase section */

/* Begin PBXSourcesBuildPhase section */
		AD8FFDF2655D0B509FBE4EE3 /* Sources */ = {
			isa = PBXSourcesBuildPhase;
			buildActionMask = 2147483647;
			files = (
				6529E9F8951C15FBADE64FA3 /* AppDelegate.swift in Sources */,
				283509CD355E44222BC79EFD /* SceneDelegate.swift in Sources */,
				E557FBBF1A1C202AA69E6BCB /* ConversionHistoryView.swift in Sources */,
				588D2D91967164C79549FF2E /* UnitConverterView.swift in Sources */,
				6CBA9E528B8B9F369A610F54 /* DestinationDetailView.swift in Sources */,
				98D9F02B8DE2FC80BAB94E33 /* DestinationEditorView.swift in Sources */,
				7D1B97471D4EFFA42A07085C /* DestinationListView.swift in Sources */,
				C9BFC141D91A582CF4D41297 /* TripInsightView.swift in Sources */,
				BCCCC8440052F2305DE6704D /* PackingItemEditorView.swift in Sources */,
				B2B7CA2ED6FC6272A969A8CB /* PackingTripDetailView.swift in Sources */,
				A631199B2742F554B4FA938D /* PackingTripListView.swift in Sources */,
				C149DF1170A63F5BDDDDC535 /* AppLinks.swift in Sources */,
				A7F691EEB97E62AB2AD20618 /* Haptics.swift in Sources */,
				BC3CACE05F444CD3A127A21F /* TravelUnit.swift in Sources */,
				4B6ACF189A3A6EAF74060C01 /* Destination.swift in Sources */,
				EE21E390C19498D20A201026 /* PackingItem.swift in Sources */,
				31D68D4C25B503BA794201ED /* PackingTrip.swift in Sources */,
				6BFECF236DB1C52A59FA910A /* PointOfInterest.swift in Sources */,
				3A32FDBC440825FBE3AB5210 /* TravelNote.swift in Sources */,
				3545B6FF8AD41D55DC5D5105 /* AppStore.swift in Sources */,
				484D881E710B3AB0E2173125 /* Theme.swift in Sources */,
				77593201FDD40F7C40B6B030 /* ContentView.swift in Sources */,
				7DE287ABA7CDCDB06FF17FF9 /* SettingsView.swift in Sources */,
			);
			runOnlyForDeploymentPostprocessing = 0;
		};
/* End PBXSourcesBuildPhase section */

/* Begin XCBuildConfiguration section */
		1AB1AC4DDD71C085C2B510A3 /* Debug */ = {
			isa = XCBuildConfiguration;
			buildSettings = {
				ALWAYS_SEARCH_USER_PATHS = NO;
				CLANG_ANALYZER_NONNULL = YES;
				CLANG_ANALYZER_NUMBER_OBJECT_CONVERSION = YES_AGGRESSIVE;
				CLANG_CXX_LANGUAGE_STANDARD = "gnu++20";
				CLANG_ENABLE_MODULES = YES;
				CLANG_ENABLE_OBJC_ARC = YES;
				CLANG_ENABLE_OBJC_WEAK = YES;
				CLANG_WARN_BLOCK_CAPTURE_AUTORELEASING = YES;
				CLANG_WARN_BOOL_CONVERSION = YES;
				CLANG_WARN_COMMA = YES;
				CLANG_WARN_CONSTANT_CONVERSION = YES;
				CLANG_WARN_DEPRECATED_OBJC_IMPLEMENTATIONS = YES;
				CLANG_WARN_DIRECT_OBJC_ISA_USAGE = YES_ERROR;
				CLANG_WARN_DOCUMENTATION_COMMENTS = YES;
				CLANG_WARN_EMPTY_BODY = YES;
				CLANG_WARN_ENUM_CONVERSION = YES;
				CLANG_WARN_INFINITE_RECURSION = YES;
				CLANG_WARN_INT_CONVERSION = YES;
				CLANG_WARN_NON_LITERAL_NULL_CONVERSION = YES;
				CLANG_WARN_OBJC_IMPLICIT_RETAIN_SELF = YES;
				CLANG_WARN_OBJC_LITERAL_CONVERSION = YES;
				CLANG_WARN_OBJC_ROOT_CLASS = YES_ERROR;
				CLANG_WARN_QUOTED_INCLUDE_IN_FRAMEWORK_HEADER = YES;
				CLANG_WARN_RANGE_LOOP_ANALYSIS = YES;
				CLANG_WARN_STRICT_PROTOTYPES = YES;
				CLANG_WARN_SUSPICIOUS_MOVE = YES;
				CLANG_WARN_UNGUARDED_AVAILABILITY = YES_AGGRESSIVE;
				CLANG_WARN_UNREACHABLE_CODE = YES;
				CLANG_WARN__DUPLICATE_METHOD_MATCH = YES;
				COPY_PHASE_STRIP = NO;
				DEBUG_INFORMATION_FORMAT = dwarf;
				ENABLE_STRICT_OBJC_MSGSEND = YES;
				ENABLE_TESTABILITY = YES;
				ENABLE_USER_SCRIPT_SANDBOXING = YES;
				GCC_C_LANGUAGE_STANDARD = gnu17;
				GCC_DYNAMIC_NO_PIC = NO;
				GCC_NO_COMMON_BLOCKS = YES;
				GCC_WARN_64_TO_32_BIT_CONVERSION = YES;
				GCC_WARN_ABOUT_RETURN_TYPE = YES_ERROR;
				GCC_WARN_UNDECLARED_SELECTOR = YES;
				GCC_WARN_UNINITIALIZED_AUTOS = YES_AGGRESSIVE;
				GCC_WARN_UNUSED_FUNCTION = YES;
				GCC_WARN_UNUSED_VARIABLE = YES;
				IPHONEOS_DEPLOYMENT_TARGET = 16.0;
				MTL_ENABLE_DEBUG_INFO = INCLUDE_SOURCE;
				MTL_FAST_MATH = YES;
				ONLY_ACTIVE_ARCH = YES;
				SDKROOT = iphoneos;
				SWIFT_ACTIVE_COMPILATION_CONDITIONS = "DEBUG $(inherited)";
				SWIFT_OPTIMIZATION_LEVEL = "-Onone";
			};
			name = Debug;
		};
		46E07970676553EAFEA835E7 /* Debug */ = {
			isa = XCBuildConfiguration;
			baseConfigurationReference = AAE73701969E9A2A6BDBFE11 /* Pods-333TravureHarmonyGuide.debug.xcconfig */;
			buildSettings = {
				ASSETCATALOG_COMPILER_APPICON_NAME = AppIcon;
				ASSETCATALOG_COMPILER_GLOBAL_ACCENT_COLOR_NAME = AppAccent;
				CODE_SIGN_STYLE = Automatic;
				CURRENT_PROJECT_VERSION = 1;
				GENERATE_INFOPLIST_FILE = YES;
				INFOPLIST_FILE = 333TravureHarmonyGuide/Info.plist;
				INFOPLIST_KEY_CFBundleDisplayName = Chairline;
				INFOPLIST_KEY_UIApplicationSupportsIndirectInputEvents = YES;
				INFOPLIST_KEY_UILaunchStoryboardName = LaunchScreen;
				INFOPLIST_KEY_UISupportedInterfaceOrientations = UIInterfaceOrientationPortrait;
				INFOPLIST_KEY_UISupportedInterfaceOrientations_iPhone = UIInterfaceOrientationPortrait;
				IPHONEOS_DEPLOYMENT_TARGET = 16.0;
				LD_RUNPATH_SEARCH_PATHS = (
					"$(inherited)",
					"@executable_path/Frameworks",
				);
				MARKETING_VERSION = 1.1.1;
				PRODUCT_BUNDLE_IDENTIFIER = com.bos.tr8v3r3h8rm0nyg83d4;
				PRODUCT_NAME = "$(TARGET_NAME)";
				SUPPORTED_PLATFORMS = "iphoneos iphonesimulator";
				SUPPORTS_MACCATALYST = NO;
				SUPPORTS_MAC_DESIGNED_FOR_IPHONE_IPAD = NO;
				SUPPORTS_XR_DESIGNED_FOR_IPHONE_IPAD = NO;
				SWIFT_EMIT_LOC_STRINGS = YES;
				SWIFT_VERSION = 5.0;
				TARGETED_DEVICE_FAMILY = 1;
			};
			name = Debug;
		};
		A67065C18D0D1FE6D9BDFE51 /* Release */ = {
			isa = XCBuildConfiguration;
			buildSettings = {
				ALWAYS_SEARCH_USER_PATHS = NO;
				CLANG_ANALYZER_NONNULL = YES;
				CLANG_ANALYZER_NUMBER_OBJECT_CONVERSION = YES_AGGRESSIVE;
				CLANG_CXX_LANGUAGE_STANDARD = "gnu++20";
				CLANG_ENABLE_MODULES = YES;
				CLANG_ENABLE_OBJC_ARC = YES;
				CLANG_ENABLE_OBJC_WEAK = YES;
				CLANG_WARN_BLOCK_CAPTURE_AUTORELEASING = YES;
				CLANG_WARN_BOOL_CONVERSION = YES;
				CLANG_WARN_COMMA = YES;
				CLANG_WARN_CONSTANT_CONVERSION = YES;
				CLANG_WARN_DEPRECATED_OBJC_IMPLEMENTATIONS = YES;
				CLANG_WARN_DIRECT_OBJC_ISA_USAGE = YES_ERROR;
				CLANG_WARN_DOCUMENTATION_COMMENTS = YES;
				CLANG_WARN_EMPTY_BODY = YES;
				CLANG_WARN_ENUM_CONVERSION = YES;
				CLANG_WARN_INFINITE_RECURSION = YES;
				CLANG_WARN_INT_CONVERSION = YES;
				CLANG_WARN_NON_LITERAL_NULL_CONVERSION = YES;
				CLANG_WARN_OBJC_IMPLICIT_RETAIN_SELF = YES;
				CLANG_WARN_OBJC_LITERAL_CONVERSION = YES;
				CLANG_WARN_OBJC_ROOT_CLASS = YES_ERROR;
				CLANG_WARN_QUOTED_INCLUDE_IN_FRAMEWORK_HEADER = YES;
				CLANG_WARN_RANGE_LOOP_ANALYSIS = YES;
				CLANG_WARN_STRICT_PROTOTYPES = YES;
				CLANG_WARN_SUSPICIOUS_MOVE = YES;
				CLANG_WARN_UNGUARDED_AVAILABILITY = YES_AGGRESSIVE;
				CLANG_WARN_UNREACHABLE_CODE = YES;
				CLANG_WARN__DUPLICATE_METHOD_MATCH = YES;
				COPY_PHASE_STRIP = NO;
				DEBUG_INFORMATION_FORMAT = "dwarf-with-dsym";
				ENABLE_NS_ASSERTIONS = NO;
				ENABLE_STRICT_OBJC_MSGSEND = YES;
				ENABLE_USER_SCRIPT_SANDBOXING = YES;
				GCC_C_LANGUAGE_STANDARD = gnu17;
				GCC_NO_COMMON_BLOCKS = YES;
				GCC_WARN_64_TO_32_BIT_CONVERSION = YES;
				GCC_WARN_ABOUT_RETURN_TYPE = YES_ERROR;
				GCC_WARN_UNDECLARED_SELECTOR = YES;
				GCC_WARN_UNINITIALIZED_AUTOS = YES_AGGRESSIVE;
				GCC_WARN_UNUSED_FUNCTION = YES;
				GCC_WARN_UNUSED_VARIABLE = YES;
				IPHONEOS_DEPLOYMENT_TARGET = 16.0;
				MTL_ENABLE_DEBUG_INFO = NO;
				MTL_FAST_MATH = YES;
				SDKROOT = iphoneos;
				SWIFT_COMPILATION_MODE = wholemodule;
				VALIDATE_PRODUCT = YES;
			};
			name = Release;
		};
		EBC492B1ADD0E735E80D390E /* Release */ = {
			isa = XCBuildConfiguration;
			baseConfigurationReference = 0380A5C405DF4B2EC51A0A48 /* Pods-333TravureHarmonyGuide.release.xcconfig */;
			buildSettings = {
				ASSETCATALOG_COMPILER_APPICON_NAME = AppIcon;
				ASSETCATALOG_COMPILER_GLOBAL_ACCENT_COLOR_NAME = AppAccent;
				CODE_SIGN_STYLE = Automatic;
				CURRENT_PROJECT_VERSION = 1;
				GENERATE_INFOPLIST_FILE = YES;
				INFOPLIST_FILE = 333TravureHarmonyGuide/Info.plist;
				INFOPLIST_KEY_CFBundleDisplayName = Chairline;
				INFOPLIST_KEY_UIApplicationSupportsIndirectInputEvents = YES;
				INFOPLIST_KEY_UILaunchStoryboardName = LaunchScreen;
				INFOPLIST_KEY_UISupportedInterfaceOrientations = UIInterfaceOrientationPortrait;
				INFOPLIST_KEY_UISupportedInterfaceOrientations_iPhone = UIInterfaceOrientationPortrait;
				IPHONEOS_DEPLOYMENT_TARGET = 16.0;
				LD_RUNPATH_SEARCH_PATHS = (
					"$(inherited)",
					"@executable_path/Frameworks",
				);
				MARKETING_VERSION = 1.1.1;
				PRODUCT_BUNDLE_IDENTIFIER = com.bos.tr8v3r3h8rm0nyg83d4;
				PRODUCT_NAME = "$(TARGET_NAME)";
				SUPPORTED_PLATFORMS = "iphoneos iphonesimulator";
				SUPPORTS_MACCATALYST = NO;
				SUPPORTS_MAC_DESIGNED_FOR_IPHONE_IPAD = NO;
				SUPPORTS_XR_DESIGNED_FOR_IPHONE_IPAD = NO;
				SWIFT_EMIT_LOC_STRINGS = YES;
				SWIFT_VERSION = 5.0;
				TARGETED_DEVICE_FAMILY = 1;
			};
			name = Release;
		};
/* End XCBuildConfiguration section */

/* Begin XCConfigurationList section */
		6E8415793A44046AAB1B9AC9 /* Build configuration list for PBXProject "333TravureHarmonyGuide" */ = {
			isa = XCConfigurationList;
			buildConfigurations = (
				1AB1AC4DDD71C085C2B510A3 /* Debug */,
				A67065C18D0D1FE6D9BDFE51 /* Release */,
			);
			defaultConfigurationIsVisible = 0;
			defaultConfigurationName = Release;
		};
		C2718EC3422BE0A4AE305CFF /* Build configuration list for PBXNativeTarget "333TravureHarmonyGuide" */ = {
			isa = XCConfigurationList;
			buildConfigurations = (
				46E07970676553EAFEA835E7 /* Debug */,
				EBC492B1ADD0E735E80D390E /* Release */,
			);
			defaultConfigurationIsVisible = 0;
			defaultConfigurationName = Release;
		};
/* End XCConfigurationList section */
	};
	rootObject = 529F548FE2AFA3B11894D9E5 /* Project object */;
}
